<?xml version="1.0" encoding="utf-8"?>
<Project ToolsVersion="4.0" xmlns="http://schemas.microsoft.com/developer/msbuild/2003">
  <ItemGroup>
    <Filter Include="Source Files">
      <UniqueIdentifier>{4FC737F1-C7A5-4376-A066-2A32D752A2FF}</UniqueIdentifier>
      <Extensions>cpp;c;cc;cxx;def;odl;idl;hpj;bat;asm;asmx</Extensions>
    </Filter>
    <Filter Include="Header Files">
      <UniqueIdentifier>{93995380-89BD-4b04-88EB-625FBE52EBFB}</UniqueIdentifier>
      <Extensions>h;hpp;hxx;hm;inl;inc;xsd</Extensions>
    </Filter>
    <Filter Include="Resource Files">
      <UniqueIdentifier>{67DA6AB6-F800-4c08-8B7A-83BB121AAD01}</UniqueIdentifier>
      <Extensions>rc;ico;cur;bmp;dlg;rc2;rct;bin;rgs;gif;jpg;jpeg;jpe;resx;tiff;tif;png;wav;mfcribbon-ms</Extensions>
    </Filter>
  </ItemGroup>
  <ItemGroup>
    <ClCompile Include="trunk\src\sources\adler32.c">
      <Filter>Source Files</Filter>
    </ClCompile>
    <ClCompile Include="trunk\src\sources\compress.c">
      <Filter>Source Files</Filter>
    </ClCompile>
    <ClCompile Include="trunk\src\sources\crc32.c">
      <Filter>Source Files</Filter>
    </ClCompile>
    <ClCompile Include="trunk\src\sources\deflate.c">
      <Filter>Source Files</Filter>
    </ClCompile>
    <ClCompile Include="trunk\src\sources\gzclose.c">
      <Filter>Source Files</Filter>
    </ClCompile>
    <ClCompile Include="trunk\src\sources\gzlib.c">
      <Filter>Source Files</Filter>
    </ClCompile>
    <ClCompile Include="trunk\src\sources\gzread.c">
      <Filter>Source Files</Filter>
    </ClCompile>
    <ClCompile Include="trunk\src\sources\gzwrite.c">
      <Filter>Source Files</Filter>
    </ClCompile>
    <ClCompile Include="trunk\src\sources\infback.c">
      <Filter>Source Files</Filter>
    </ClCompile>
    <ClCompile Include="trunk\src\sources\inffast.c">
      <Filter>Source Files</Filter>
    </ClCompile>
    <ClCompile Include="trunk\src\sources\inflate.c">
      <Filter>Source Files</Filter>
    </ClCompile>
    <ClCompile Include="trunk\src\sources\inftrees.c">
      <Filter>Source Files</Filter>
    </ClCompile>
    <ClCompile Include="trunk\src\sources\png.c">
      <Filter>Source Files</Filter>
    </ClCompile>
    <ClCompile Include="trunk\src\sources\pngerror.c">
      <Filter>Source Files</Filter>
    </ClCompile>
    <ClCompile Include="trunk\src\sources\pngget.c">
      <Filter>Source Files</Filter>
    </ClCompile>
    <ClCompile Include="trunk\src\sources\pngmem.c">
      <Filter>Source Files</Filter>
    </ClCompile>
    <ClCompile Include="trunk\src\sources\pngpread.c">
      <Filter>Source Files</Filter>
    </ClCompile>
    <ClCompile Include="trunk\src\sources\pngread.c">
      <Filter>Source Files</Filter>
    </ClCompile>
    <ClCompile Include="trunk\src\sources\pngrio.c">
      <Filter>Source Files</Filter>
    </ClCompile>
    <ClCompile Include="trunk\src\sources\pngrtran.c">
      <Filter>Source Files</Filter>
    </ClCompile>
    <ClCompile Include="trunk\src\sources\pngrutil.c">
      <Filter>Source Files</Filter>
    </ClCompile>
    <ClCompile Include="trunk\src\sources\pngset.c">
      <Filter>Source Files</Filter>
    </ClCompile>
    <ClCompile Include="trunk\src\sources\pngtrans.c">
      <Filter>Source Files</Filter>
    </ClCompile>
    <ClCompile Include="trunk\src\sources\pngwio.c">
      <Filter>Source Files</Filter>
    </ClCompile>
    <ClCompile Include="trunk\src\sources\pngwrite.c">
      <Filter>Source Files</Filter>
    </ClCompile>
    <ClCompile Include="trunk\src\sources\pngwtran.c">
      <Filter>Source Files</Filter>
    </ClCompile>
    <ClCompile Include="trunk\src\sources\pngwutil.c">
      <Filter>Source Files</Filter>
    </ClCompile>
    <ClCompile Include="trunk\src\sources\trees.c">
      <Filter>Source Files</Filter>
    </ClCompile>
    <ClCompile Include="trunk\src\sources\uncompr.c">
      <Filter>Source Files</Filter>
    </ClCompile>
    <ClCompile Include="trunk\src\sources\zutil.c">
      <Filter>Source Files</Filter>
    </ClCompile>
    <ClCompile Include="trunk\src\sources\anm2png.c">
      <Filter>Source Files</Filter>
    </ClCompile>
  </ItemGroup>
  <ItemGroup>
    <ClInclude Include="trunk\src\headers\crc32.h">
      <Filter>Header Files</Filter>
    </ClInclude>
    <ClInclude Include="trunk\src\headers\deflate.h">
      <Filter>Header Files</Filter>
    </ClInclude>
    <ClInclude Include="trunk\src\headers\gzguts.h">
      <Filter>Header Files</Filter>
    </ClInclude>
    <ClInclude Include="trunk\src\headers\inffast.h">
      <Filter>Header Files</Filter>
    </ClInclude>
    <ClInclude Include="trunk\src\headers\inffixed.h">
      <Filter>Header Files</Filter>
    </ClInclude>
    <ClInclude Include="trunk\src\headers\inflate.h">
      <Filter>Header Files</Filter>
    </ClInclude>
    <ClInclude Include="trunk\src\headers\inftrees.h">
      <Filter>Header Files</Filter>
    </ClInclude>
    <ClInclude Include="trunk\src\headers\png.h">
      <Filter>Header Files</Filter>
    </ClInclude>
    <ClInclude Include="trunk\src\headers\pngconf.h">
      <Filter>Header Files</Filter>
    </ClInclude>
    <ClInclude Include="trunk\src\headers\pngdebug.h">
      <Filter>Header Files</Filter>
    </ClInclude>
    <ClInclude Include="trunk\src\headers\pnginfo.h">
      <Filter>Header Files</Filter>
    </ClInclude>
    <ClInclude Include="trunk\src\headers\pnglibconf.h">
      <Filter>Header Files</Filter>
    </ClInclude>
    <ClInclude Include="trunk\src\headers\pngpriv.h">
      <Filter>Header Files</Filter>
    </ClInclude>
    <ClInclude Include="trunk\src\headers\pngstruct.h">
      <Filter>Header Files</Filter>
    </ClInclude>
    <ClInclude Include="trunk\src\headers\trees.h">
      <Filter>Header Files</Filter>
    </ClInclude>
    <ClInclude Include="trunk\src\headers\zconf.h">
      <Filter>Header Files</Filter>
    </ClInclude>
    <ClInclude Include="trunk\src\headers\zlib.h">
      <Filter>Header Files</Filter>
    </ClInclude>
    <ClInclude Include="trunk\src\headers\zutil.h">
      <Filter>Header Files</Filter>
    </ClInclude>
  </ItemGroup>
  <ItemGroup>
    <None Include="trunk\src\resources\stg7enm.anm">
      <Filter>Resource Files</Filter>
    </None>
  </ItemGroup>
</Project>